PODS:
  - AFDateHelper (4.2.7)
  - Alamofire (4.7.1)
  - AlamofireNetworkActivityLogger (2.3.0):
    - Alamofire (~> 4.6)
  - Bolts (1.9.0):
    - Bolts/AppLinks (= 1.9.0)
    - Bolts/Tasks (= 1.9.0)
  - Bolts/AppLinks (1.9.0):
    - Bolts/Tasks
  - Bolts/Tasks (1.9.0)
  - BvMapCluster (0.1.6):
    - ClusterKit (= 0.2.0)
  - Chatto (3.3.0)
  - ChattoAdditions (3.3.0):
    - Chatto
  - CHIPageControl/Aji (0.1.4)
  - ClusterKit (0.2.0):
    - ClusterKit/Core (= 0.2.0)
  - ClusterKit/Core (0.2.0)
  - CodableAlamofire (1.1.0):
    - Alamofire (~> 4.0)
  - CryptoSwift (0.7.2)
  - DCKit (1.0.10)
  - FBSDKCoreKit (4.33.0):
    - Bolts (~> 1.7)
  - FBSDKLoginKit (4.33.0):
    - FBSDKCoreKit
  - FirebaseAnalytics (3.9.0):
    - FirebaseCore (~> 3.6)
    - FirebaseInstanceID (~> 1.0)
    - "GoogleToolboxForMac/NSData+zlib (~> 2.1)"
  - FirebaseCore (3.6.0):
    - "GoogleToolboxForMac/NSData+zlib (~> 2.1)"
  - FirebaseInstanceID (1.0.10):
    - FirebaseCore (~> 3.6)
  - Gallery (2.0.6)
  - Google/Analytics (3.1.0):
    - Google/Core
    - GoogleAnalytics (~> 3.12)
  - Google/Core (3.1.0):
    - FirebaseAnalytics (~> 3.2)
  - GoogleAnalytics (3.17.0)
  - GoogleToolboxForMac/Defines (2.1.4)
  - "GoogleToolboxForMac/NSData+zlib (2.1.4)":
    - GoogleToolboxForMac/Defines (= 2.1.4)
  - IGRPhotoTweaks (1.0.7)
  - IQKeyboardManagerSwift (5.0.8)
  - ISEmojiView (0.0.6)
  - Kingfisher (4.6.4)
  - lottie-ios (2.1.5)
  - MapKitGoogleStyler (0.1.1)
  - McPicker (1.0.0)
  - ObjectMapper (3.1.0)
  - OneSignal (2.8.2)
  - PusherChatkit (0.7.0):
    - PusherPlatform (~> 0.4.2)
  - PusherPlatform (0.4.2)
  - PusherSwift (5.1.1)
  - RangeSeekSlider (1.7.0)
  - SWXMLHash (4.0.0)
  - Toast-Swift (3.0.1)
  - TransitionTreasury (4.1.0)
  - UICircularProgressRing (1.8.4)
  - UIColor_Hex_Swift (4.0.1)

DEPENDENCIES:
  - AFDateHelper (~> 4.2.2)
  - AlamofireNetworkActivityLogger (~> 2.3)
  - BvMapCluster
  - Chatto (~> 3.3.0)
  - ChattoAdditions (~> 3.3.0)
  - CHIPageControl/Aji
  - CodableAlamofire
  - CryptoSwift (~> 0.7.0)
  - DCKit
  - FBSDKLoginKit
  - Gallery
  - Google/Analytics
  - IGRPhotoTweaks (~> 1.0.0)
  - IQKeyboardManagerSwift
  - ISEmojiView
  - Kingfisher (~> 4.0)
  - lottie-ios
  - MapKitGoogleStyler
  - McPicker
  - ObjectMapper (~> 3.1)
  - OneSignal
  - PusherChatkit
  - PusherSwift
  - RangeSeekSlider
  - SWXMLHash (~> 4.0.0)
  - Toast-Swift
  - TransitionTreasury
  - UICircularProgressRing
  - UIColor_Hex_Swift (~> 4.0.1)

SPEC REPOS:
  https://github.com/cocoapods/specs.git:
    - AFDateHelper
    - Alamofire
    - AlamofireNetworkActivityLogger
    - Bolts
    - BvMapCluster
    - Chatto
    - ChattoAdditions
    - CHIPageControl
    - ClusterKit
    - CodableAlamofire
    - CryptoSwift
    - DCKit
    - FBSDKCoreKit
    - FBSDKLoginKit
    - FirebaseAnalytics
    - FirebaseCore
    - FirebaseInstanceID
    - Gallery
    - Google
    - GoogleAnalytics
    - GoogleToolboxForMac
    - IGRPhotoTweaks
    - IQKeyboardManagerSwift
    - ISEmojiView
    - Kingfisher
    - lottie-ios
    - MapKitGoogleStyler
    - McPicker
    - ObjectMapper
    - OneSignal
    - PusherChatkit
    - PusherPlatform
    - PusherSwift
    - RangeSeekSlider
    - SWXMLHash
    - Toast-Swift
    - TransitionTreasury
    - UICircularProgressRing
    - UIColor_Hex_Swift

SPEC CHECKSUMS:
  AFDateHelper: 4ad66fb19503041fbba8a3018cb7ef9c71b2ff88
  Alamofire: 68d7d521118d49c615a8d2214d87cdf525599d30
  AlamofireNetworkActivityLogger: 6f3076652ab7fa6c819b59be08ea038d339e36d8
  Bolts: ac6567323eac61e203f6a9763667d0f711be34c8
  BvMapCluster: 6a51aef141aebca33a8be23f54d9cfc2c45f4aa0
  Chatto: d9f67acd6230f08323a51a11c4b639d40c1f8d99
  ChattoAdditions: 9ee09ac09a89d8c0aa3dc87019e3a22efb2cbac6
  CHIPageControl: 032b5ab68506c00711d5a61bd83e9fdf2a7ecb22
  ClusterKit: f198b2d4fb9656b00889d1df319791237a6b9855
  CodableAlamofire: e2d2edcec7cf413f7862c30c8fa98eded27a83f9
  CryptoSwift: cd2158be2bf639aabc63ec804707c7137c90157c
  DCKit: 5c331146967c08886cc47baf5903699fdb4dca81
  FBSDKCoreKit: 572b047a7e029bc44542bcf8a59414e7ff2b543e
  FBSDKLoginKit: 88cb456349cfb3b554427ce4f8b43729d85dfb40
  FirebaseAnalytics: e5fe8486efc01bec33f6bf82e2fa9fce4b124052
  FirebaseCore: 9691ee2ade70c098d7cf92440f4303f16d83ca75
  FirebaseInstanceID: b9eedd6846fb5e1f0f7279e1deaa7a7e4cf8392e
  Gallery: 5489ae11d8010a3cc163030f6e92d618afbdf4df
  Google: 98da4b1a60ed0beb80a290387a28333406a1eb90
  GoogleAnalytics: f42cc53a87a51fe94334821868d9c8481ff47a7b
  GoogleToolboxForMac: 91c824d21e85b31c2aae9bb011c5027c9b4e738f
  IGRPhotoTweaks: 8fe6b62c6599238d860b19b46a85a454e202f502
  IQKeyboardManagerSwift: 2e7dc7f98c111458c1ea2b373f893e8cf95e2b97
  ISEmojiView: 2ab7c5ad9c58a318cefcf407af374464ccc56f1d
  Kingfisher: 68498a706e46c2a050b0c9572f100e5db407f6e0
  lottie-ios: 836cdbba92f62f3c6a00e37a4ce485321fe317cf
  MapKitGoogleStyler: 8efdceb664fc1748a62a9e3b50a34b67a34247bc
  McPicker: 130183cd3d22fc6933ea9e63c5a0d0d1becc0122
  ObjectMapper: 20505058f54e5c3ca69e1d6de9897d152a5369a6
  OneSignal: ab5c509192ca8390bdd3570a6261e6decf4c79c1
  PusherChatkit: fdf1ba698d12d4033a4b7b3343d7e0e3a3cf8557
  PusherPlatform: 80a7229cb29f45edb271efac530ea808b3f7f881
  PusherSwift: de9238b6b9faec5275d452e5f43ce9c82b78731e
  RangeSeekSlider: 0386c5a9aa5ebcb2fa5238e8a627280cf46c7c0a
  SWXMLHash: 6bbc0bf72975a18ceda469fb7d6a886a26d81694
  Toast-Swift: ba0b01b095aada709d915f9beb1d38184a2721c3
  TransitionTreasury: c3b541a2073ee3060519835afa10791bd4ba55f9
  UICircularProgressRing: 653b31f7252b2959e8234f5b9ea5f925da755954
  UIColor_Hex_Swift: c5ff88470499383b8fd85302d59344bb24ba9436

PODFILE CHECKSUM: 58542aaa8ffb531b6a6fca1b21b423fc26eca357

COCOAPODS: 1.5.3
